
Microsoft Visual Studio Solution File, Format Version 12.00
# Visual Studio Version 17
VisualStudioVersion = 17.3.32922.545
MinimumVisualStudioVersion = 10.0.40219.1
Project("{FAE04EC0-301F-11D3-BF4B-00C04F79EFBC}") = "PersonelBilgi", "PersonelBilgi\PersonelBilgi.csproj", "{0EFFC1DB-BEE7-42A7-95AE-0A7AA9C87E5A}"
EndProject
Global
	GlobalSection(SolutionConfigurationPlatforms) = preSolution
		Debug|Any CPU = Debug|Any CPU
		Release|Any CPU = Release|Any CPU
	EndGlobalSection
	GlobalSection(ProjectConfigurationPlatforms) = postSolution
		{0EFFC1DB-BEE7-42A7-95AE-0A7AA9C87E5A}.Debug|Any CPU.ActiveCfg = Debug|Any CPU
		{0EFFC1DB-BEE7-42A7-95AE-0A7AA9C87E5A}.Debug|Any CPU.Build.0 = Debug|Any CPU
		{0EFFC1DB-BEE7-42A7-95AE-0A7AA9C87E5A}.Release|Any CPU.ActiveCfg = Release|Any CPU
		{0EFFC1DB-BEE7-42A7-95AE-0A7AA9C87E5A}.Release|Any CPU.Build.0 = Release|Any CPU
	EndGlobalSection
	GlobalSection(SolutionProperties) = preSolution
		HideSolutionNode = FALSE
	EndGlobalSection
	GlobalSection(ExtensibilityGlobals) = postSolution
		SolutionGuid = {DC45DDAF-A804-404D-988E-5649C8D811DE}
	EndGlobalSection
EndGlobal
